
Microsoft Visual Studio Solution File, Format Version 12.00
# Visual Studio Version 17
VisualStudioVersion = 17.0.31903.59
MinimumVisualStudioVersion = 10.0.40219.1
Project("{2150E333-8FDC-42A3-9474-1A3956D46DE8}") = "Src", "Src", "{827E0CD3-B72D-47B6-A68D-7590B98EB39B}"
EndProject
Project("{2150E333-8FDC-42A3-9474-1A3956D46DE8}") = "Domain", "Domain", "{8B290487-4C16-E85E-E807-F579CBE9FC4D}"
EndProject
Project("{FAE04EC0-301F-11D3-BF4B-00C04F79EFBC}") = "AppTemplate.Domain", "Src\Domain\AppTemplate.Domain\AppTemplate.Domain.csproj", "{807423A9-76D4-4990-8E93-3E0305FB8827}"
EndProject
Project("{2150E333-8FDC-42A3-9474-1A3956D46DE8}") = "Application", "Application", "{22BAF98C-8415-17C4-B26A-D537657BC863}"
EndProject
Project("{FAE04EC0-301F-11D3-BF4B-00C04F79EFBC}") = "AppTemplate.Application", "Src\Application\AppTemplate.Application\AppTemplate.Application.csproj", "{D5A7470B-89BC-4F46-A21B-A81C03CCA86D}"
EndProject
Project("{2150E333-8FDC-42A3-9474-1A3956D46DE8}") = "Infrastructure", "Infrastructure", "{9048EB7F-3875-A59E-E36B-5BD4C6F2A282}"
EndProject
Project("{FAE04EC0-301F-11D3-BF4B-00C04F79EFBC}") = "AppTemplate.Infrastructure.Email", "Src\Infrastructure\AppTemplate.Infrastructure.Email\AppTemplate.Infrastructure.Email.csproj", "{4E3A92CC-E179-4BD2-AF0F-5BCAFD37FD54}"
EndProject
Project("{FAE04EC0-301F-11D3-BF4B-00C04F79EFBC}") = "AppTemplate.Infrastructure.Identity", "Src\Infrastructure\AppTemplate.Infrastructure.Identity\AppTemplate.Infrastructure.Identity.csproj", "{82BE0110-2A7E-42E5-BD85-12D7F94AF01F}"
EndProject
Project("{FAE04EC0-301F-11D3-BF4B-00C04F79EFBC}") = "AppTemplate.Infrastructure.Persistence", "Src\Infrastructure\AppTemplate.Infrastructure.Persistence\AppTemplate.Infrastructure.Persistence.csproj", "{8162CD3D-C8B1-43AC-884C-84B700E5CDEF}"
EndProject
Project("{FAE04EC0-301F-11D3-BF4B-00C04F79EFBC}") = "AppTemplate.Infrastructure.InMemory", "Src\Infrastructure\AppTemplate.Infrastructure.InMemory\AppTemplate.Infrastructure.InMemory.csproj", "{35E6820E-2E42-4330-BCBF-EB5A89E08AEC}"
EndProject
Project("{2150E333-8FDC-42A3-9474-1A3956D46DE8}") = "Presentation", "Presentation", "{6996BBF7-DB31-59BC-C7DD-9A7CCC6138C4}"
EndProject
Project("{FAE04EC0-301F-11D3-BF4B-00C04F79EFBC}") = "AppTemplate.Api", "Src\Presentation\AppTemplate.Api\AppTemplate.Api.csproj", "{486E2063-6ACE-43A1-8BDD-46BAB6FEBB95}"
EndProject
Project("{2150E333-8FDC-42A3-9474-1A3956D46DE8}") = "Tests", "Tests", "{0AB3BF05-4346-4AA6-1389-037BE0695223}"
EndProject
Project("{FAE04EC0-301F-11D3-BF4B-00C04F79EFBC}") = "AppTemplate.Domain.UnitTests", "Tests\Domain\AppTemplate.Domain.UnitTests\AppTemplate.Domain.UnitTests.csproj", "{952D43FC-9FC2-4795-A1FF-03CC6AF61E80}"
EndProject
Project("{FAE04EC0-301F-11D3-BF4B-00C04F79EFBC}") = "AppTemplate.Application.UnitTests", "Tests\Application\AppTemplate.Application.UnitTests\AppTemplate.Application.UnitTests.csproj", "{3D38482F-A87A-436E-B15B-54BA9966486A}"
EndProject
Project("{FAE04EC0-301F-11D3-BF4B-00C04F79EFBC}") = "AppTemplate.Architecture.Tests", "Tests\Architecture\AppTemplate.Architecture.Tests\AppTemplate.Architecture.Tests.csproj", "{2F4EB9D4-96F0-4174-AC65-457A465613D1}"
EndProject
Project("{FAE04EC0-301F-11D3-BF4B-00C04F79EFBC}") = "AppTemplate.Api.IntegrationTests", "Tests\Integration\AppTemplate.Api.IntegrationTests\AppTemplate.Api.IntegrationTests.csproj", "{940FD941-1D9C-4451-B84B-A3CF521A1824}"
EndProject
Project("{FAE04EC0-301F-11D3-BF4B-00C04F79EFBC}") = "AppTemplate.Infrastructure.Persistence.UnitTests", "Tests\Infrastructure\AppTemplate.Infrastructure.Persistence.UnitTests\AppTemplate.Infrastructure.Persistence.UnitTests.csproj", "{69394BB0-C501-466D-B2BC-05F99D1DC92F}"
EndProject
Project("{FAE04EC0-301F-11D3-BF4B-00C04F79EFBC}") = "AppTemplate.Infrastructure.Identity.UnitTests", "Tests\Infrastructure\AppTemplate.Infrastructure.Identity.UnitTests\AppTemplate.Infrastructure.Identity.UnitTests.csproj", "{0EE33EEE-8DDA-4D8C-B30F-6B28A43600FA}"
EndProject
Project("{FAE04EC0-301F-11D3-BF4B-00C04F79EFBC}") = "AppTemplate.Infrastructure.Email.UnitTests", "Tests\Infrastructure\AppTemplate.Infrastructure.Email.UnitTests\AppTemplate.Infrastructure.Email.UnitTests.csproj", "{FA823C16-564E-4AB3-9645-9DA1BB387CE4}"
EndProject
Project("{FAE04EC0-301F-11D3-BF4B-00C04F79EFBC}") = "AppTemplate.Infrastructure.InMemory.UnitTests", "Tests\Infrastructure\AppTemplate.Infrastructure.InMemory.UnitTests\AppTemplate.Infrastructure.InMemory.UnitTests.csproj", "{2D3D5062-3FA0-432B-A08C-A2D029B5B4CF}"
EndProject
Global
	GlobalSection(SolutionConfigurationPlatforms) = preSolution
		Debug|Any CPU = Debug|Any CPU
		Debug|x64 = Debug|x64
		Debug|x86 = Debug|x86
		Release|Any CPU = Release|Any CPU
		Release|x64 = Release|x64
		Release|x86 = Release|x86
	EndGlobalSection
	GlobalSection(ProjectConfigurationPlatforms) = postSolution
		{807423A9-76D4-4990-8E93-3E0305FB8827}.Debug|Any CPU.ActiveCfg = Debug|Any CPU
		{807423A9-76D4-4990-8E93-3E0305FB8827}.Debug|Any CPU.Build.0 = Debug|Any CPU
		{807423A9-76D4-4990-8E93-3E0305FB8827}.Debug|x64.ActiveCfg = Debug|Any CPU
		{807423A9-76D4-4990-8E93-3E0305FB8827}.Debug|x64.Build.0 = Debug|Any CPU
		{807423A9-76D4-4990-8E93-3E0305FB8827}.Debug|x86.ActiveCfg = Debug|Any CPU
		{807423A9-76D4-4990-8E93-3E0305FB8827}.Debug|x86.Build.0 = Debug|Any CPU
		{807423A9-76D4-4990-8E93-3E0305FB8827}.Release|Any CPU.ActiveCfg = Release|Any CPU
		{807423A9-76D4-4990-8E93-3E0305FB8827}.Release|Any CPU.Build.0 = Release|Any CPU
		{807423A9-76D4-4990-8E93-3E0305FB8827}.Release|x64.ActiveCfg = Release|Any CPU
		{807423A9-76D4-4990-8E93-3E0305FB8827}.Release|x64.Build.0 = Release|Any CPU
		{807423A9-76D4-4990-8E93-3E0305FB8827}.Release|x86.ActiveCfg = Release|Any CPU
		{807423A9-76D4-4990-8E93-3E0305FB8827}.Release|x86.Build.0 = Release|Any CPU
		{D5A7470B-89BC-4F46-A21B-A81C03CCA86D}.Debug|Any CPU.ActiveCfg = Debug|Any CPU
		{D5A7470B-89BC-4F46-A21B-A81C03CCA86D}.Debug|Any CPU.Build.0 = Debug|Any CPU
		{D5A7470B-89BC-4F46-A21B-A81C03CCA86D}.Debug|x64.ActiveCfg = Debug|Any CPU
		{D5A7470B-89BC-4F46-A21B-A81C03CCA86D}.Debug|x64.Build.0 = Debug|Any CPU
		{D5A7470B-89BC-4F46-A21B-A81C03CCA86D}.Debug|x86.ActiveCfg = Debug|Any CPU
		{D5A7470B-89BC-4F46-A21B-A81C03CCA86D}.Debug|x86.Build.0 = Debug|Any CPU
		{D5A7470B-89BC-4F46-A21B-A81C03CCA86D}.Release|Any CPU.ActiveCfg = Release|Any CPU
		{D5A7470B-89BC-4F46-A21B-A81C03CCA86D}.Release|Any CPU.Build.0 = Release|Any CPU
		{D5A7470B-89BC-4F46-A21B-A81C03CCA86D}.Release|x64.ActiveCfg = Release|Any CPU
		{D5A7470B-89BC-4F46-A21B-A81C03CCA86D}.Release|x64.Build.0 = Release|Any CPU
		{D5A7470B-89BC-4F46-A21B-A81C03CCA86D}.Release|x86.ActiveCfg = Release|Any CPU
		{D5A7470B-89BC-4F46-A21B-A81C03CCA86D}.Release|x86.Build.0 = Release|Any CPU
		{4E3A92CC-E179-4BD2-AF0F-5BCAFD37FD54}.Debug|Any CPU.ActiveCfg = Debug|Any CPU
		{4E3A92CC-E179-4BD2-AF0F-5BCAFD37FD54}.Debug|Any CPU.Build.0 = Debug|Any CPU
		{4E3A92CC-E179-4BD2-AF0F-5BCAFD37FD54}.Debug|x64.ActiveCfg = Debug|Any CPU
		{4E3A92CC-E179-4BD2-AF0F-5BCAFD37FD54}.Debug|x64.Build.0 = Debug|Any CPU
		{4E3A92CC-E179-4BD2-AF0F-5BCAFD37FD54}.Debug|x86.ActiveCfg = Debug|Any CPU
		{4E3A92CC-E179-4BD2-AF0F-5BCAFD37FD54}.Debug|x86.Build.0 = Debug|Any CPU
		{4E3A92CC-E179-4BD2-AF0F-5BCAFD37FD54}.Release|Any CPU.ActiveCfg = Release|Any CPU
		{4E3A92CC-E179-4BD2-AF0F-5BCAFD37FD54}.Release|Any CPU.Build.0 = Release|Any CPU
		{4E3A92CC-E179-4BD2-AF0F-5BCAFD37FD54}.Release|x64.ActiveCfg = Release|Any CPU
		{4E3A92CC-E179-4BD2-AF0F-5BCAFD37FD54}.Release|x64.Build.0 = Release|Any CPU
		{4E3A92CC-E179-4BD2-AF0F-5BCAFD37FD54}.Release|x86.ActiveCfg = Release|Any CPU
		{4E3A92CC-E179-4BD2-AF0F-5BCAFD37FD54}.Release|x86.Build.0 = Release|Any CPU
		{82BE0110-2A7E-42E5-BD85-12D7F94AF01F}.Debug|Any CPU.ActiveCfg = Debug|Any CPU
		{82BE0110-2A7E-42E5-BD85-12D7F94AF01F}.Debug|Any CPU.Build.0 = Debug|Any CPU
		{82BE0110-2A7E-42E5-BD85-12D7F94AF01F}.Debug|x64.ActiveCfg = Debug|Any CPU
		{82BE0110-2A7E-42E5-BD85-12D7F94AF01F}.Debug|x64.Build.0 = Debug|Any CPU
		{82BE0110-2A7E-42E5-BD85-12D7F94AF01F}.Debug|x86.ActiveCfg = Debug|Any CPU
		{82BE0110-2A7E-42E5-BD85-12D7F94AF01F}.Debug|x86.Build.0 = Debug|Any CPU
		{82BE0110-2A7E-42E5-BD85-12D7F94AF01F}.Release|Any CPU.ActiveCfg = Release|Any CPU
		{82BE0110-2A7E-42E5-BD85-12D7F94AF01F}.Release|Any CPU.Build.0 = Release|Any CPU
		{82BE0110-2A7E-42E5-BD85-12D7F94AF01F}.Release|x64.ActiveCfg = Release|Any CPU
		{82BE0110-2A7E-42E5-BD85-12D7F94AF01F}.Release|x64.Build.0 = Release|Any CPU
		{82BE0110-2A7E-42E5-BD85-12D7F94AF01F}.Release|x86.ActiveCfg = Release|Any CPU
		{82BE0110-2A7E-42E5-BD85-12D7F94AF01F}.Release|x86.Build.0 = Release|Any CPU
		{8162CD3D-C8B1-43AC-884C-84B700E5CDEF}.Debug|Any CPU.ActiveCfg = Debug|Any CPU
		{8162CD3D-C8B1-43AC-884C-84B700E5CDEF}.Debug|Any CPU.Build.0 = Debug|Any CPU
		{8162CD3D-C8B1-43AC-884C-84B700E5CDEF}.Debug|x64.ActiveCfg = Debug|Any CPU
		{8162CD3D-C8B1-43AC-884C-84B700E5CDEF}.Debug|x64.Build.0 = Debug|Any CPU
		{8162CD3D-C8B1-43AC-884C-84B700E5CDEF}.Debug|x86.ActiveCfg = Debug|Any CPU
		{8162CD3D-C8B1-43AC-884C-84B700E5CDEF}.Debug|x86.Build.0 = Debug|Any CPU
		{8162CD3D-C8B1-43AC-884C-84B700E5CDEF}.Release|Any CPU.ActiveCfg = Release|Any CPU
		{8162CD3D-C8B1-43AC-884C-84B700E5CDEF}.Release|Any CPU.Build.0 = Release|Any CPU
		{8162CD3D-C8B1-43AC-884C-84B700E5CDEF}.Release|x64.ActiveCfg = Release|Any CPU
		{8162CD3D-C8B1-43AC-884C-84B700E5CDEF}.Release|x64.Build.0 = Release|Any CPU
		{8162CD3D-C8B1-43AC-884C-84B700E5CDEF}.Release|x86.ActiveCfg = Release|Any CPU
		{8162CD3D-C8B1-43AC-884C-84B700E5CDEF}.Release|x86.Build.0 = Release|Any CPU
		{35E6820E-2E42-4330-BCBF-EB5A89E08AEC}.Debug|Any CPU.ActiveCfg = Debug|Any CPU
		{35E6820E-2E42-4330-BCBF-EB5A89E08AEC}.Debug|Any CPU.Build.0 = Debug|Any CPU
		{35E6820E-2E42-4330-BCBF-EB5A89E08AEC}.Debug|x64.ActiveCfg = Debug|Any CPU
		{35E6820E-2E42-4330-BCBF-EB5A89E08AEC}.Debug|x64.Build.0 = Debug|Any CPU
		{35E6820E-2E42-4330-BCBF-EB5A89E08AEC}.Debug|x86.ActiveCfg = Debug|Any CPU
		{35E6820E-2E42-4330-BCBF-EB5A89E08AEC}.Debug|x86.Build.0 = Debug|Any CPU
		{35E6820E-2E42-4330-BCBF-EB5A89E08AEC}.Release|Any CPU.ActiveCfg = Release|Any CPU
		{35E6820E-2E42-4330-BCBF-EB5A89E08AEC}.Release|Any CPU.Build.0 = Release|Any CPU
		{35E6820E-2E42-4330-BCBF-EB5A89E08AEC}.Release|x64.ActiveCfg = Release|Any CPU
		{35E6820E-2E42-4330-BCBF-EB5A89E08AEC}.Release|x64.Build.0 = Release|Any CPU
		{35E6820E-2E42-4330-BCBF-EB5A89E08AEC}.Release|x86.ActiveCfg = Release|Any CPU
		{35E6820E-2E42-4330-BCBF-EB5A89E08AEC}.Release|x86.Build.0 = Release|Any CPU
		{486E2063-6ACE-43A1-8BDD-46BAB6FEBB95}.Debug|Any CPU.ActiveCfg = Debug|Any CPU
		{486E2063-6ACE-43A1-8BDD-46BAB6FEBB95}.Debug|Any CPU.Build.0 = Debug|Any CPU
		{486E2063-6ACE-43A1-8BDD-46BAB6FEBB95}.Debug|x64.ActiveCfg = Debug|Any CPU
		{486E2063-6ACE-43A1-8BDD-46BAB6FEBB95}.Debug|x64.Build.0 = Debug|Any CPU
		{486E2063-6ACE-43A1-8BDD-46BAB6FEBB95}.Debug|x86.ActiveCfg = Debug|Any CPU
		{486E2063-6ACE-43A1-8BDD-46BAB6FEBB95}.Debug|x86.Build.0 = Debug|Any CPU
		{486E2063-6ACE-43A1-8BDD-46BAB6FEBB95}.Release|Any CPU.ActiveCfg = Release|Any CPU
		{486E2063-6ACE-43A1-8BDD-46BAB6FEBB95}.Release|Any CPU.Build.0 = Release|Any CPU
		{486E2063-6ACE-43A1-8BDD-46BAB6FEBB95}.Release|x64.ActiveCfg = Release|Any CPU
		{486E2063-6ACE-43A1-8BDD-46BAB6FEBB95}.Release|x64.Build.0 = Release|Any CPU
		{486E2063-6ACE-43A1-8BDD-46BAB6FEBB95}.Release|x86.ActiveCfg = Release|Any CPU
		{486E2063-6ACE-43A1-8BDD-46BAB6FEBB95}.Release|x86.Build.0 = Release|Any CPU
		{952D43FC-9FC2-4795-A1FF-03CC6AF61E80}.Debug|Any CPU.ActiveCfg = Debug|Any CPU
		{952D43FC-9FC2-4795-A1FF-03CC6AF61E80}.Debug|Any CPU.Build.0 = Debug|Any CPU
		{952D43FC-9FC2-4795-A1FF-03CC6AF61E80}.Debug|x64.ActiveCfg = Debug|Any CPU
		{952D43FC-9FC2-4795-A1FF-03CC6AF61E80}.Debug|x64.Build.0 = Debug|Any CPU
		{952D43FC-9FC2-4795-A1FF-03CC6AF61E80}.Debug|x86.ActiveCfg = Debug|Any CPU
		{952D43FC-9FC2-4795-A1FF-03CC6AF61E80}.Debug|x86.Build.0 = Debug|Any CPU
		{952D43FC-9FC2-4795-A1FF-03CC6AF61E80}.Release|Any CPU.ActiveCfg = Release|Any CPU
		{952D43FC-9FC2-4795-A1FF-03CC6AF61E80}.Release|Any CPU.Build.0 = Release|Any CPU
		{952D43FC-9FC2-4795-A1FF-03CC6AF61E80}.Release|x64.ActiveCfg = Release|Any CPU
		{952D43FC-9FC2-4795-A1FF-03CC6AF61E80}.Release|x64.Build.0 = Release|Any CPU
		{952D43FC-9FC2-4795-A1FF-03CC6AF61E80}.Release|x86.ActiveCfg = Release|Any CPU
		{952D43FC-9FC2-4795-A1FF-03CC6AF61E80}.Release|x86.Build.0 = Release|Any CPU
		{3D38482F-A87A-436E-B15B-54BA9966486A}.Debug|Any CPU.ActiveCfg = Debug|Any CPU
		{3D38482F-A87A-436E-B15B-54BA9966486A}.Debug|Any CPU.Build.0 = Debug|Any CPU
		{3D38482F-A87A-436E-B15B-54BA9966486A}.Debug|x64.ActiveCfg = Debug|Any CPU
		{3D38482F-A87A-436E-B15B-54BA9966486A}.Debug|x64.Build.0 = Debug|Any CPU
		{3D38482F-A87A-436E-B15B-54BA9966486A}.Debug|x86.ActiveCfg = Debug|Any CPU
		{3D38482F-A87A-436E-B15B-54BA9966486A}.Debug|x86.Build.0 = Debug|Any CPU
		{3D38482F-A87A-436E-B15B-54BA9966486A}.Release|Any CPU.ActiveCfg = Release|Any CPU
		{3D38482F-A87A-436E-B15B-54BA9966486A}.Release|Any CPU.Build.0 = Release|Any CPU
		{3D38482F-A87A-436E-B15B-54BA9966486A}.Release|x64.ActiveCfg = Release|Any CPU
		{3D38482F-A87A-436E-B15B-54BA9966486A}.Release|x64.Build.0 = Release|Any CPU
		{3D38482F-A87A-436E-B15B-54BA9966486A}.Release|x86.ActiveCfg = Release|Any CPU
		{3D38482F-A87A-436E-B15B-54BA9966486A}.Release|x86.Build.0 = Release|Any CPU
		{2F4EB9D4-96F0-4174-AC65-457A465613D1}.Debug|Any CPU.ActiveCfg = Debug|Any CPU
		{2F4EB9D4-96F0-4174-AC65-457A465613D1}.Debug|Any CPU.Build.0 = Debug|Any CPU
		{2F4EB9D4-96F0-4174-AC65-457A465613D1}.Debug|x64.ActiveCfg = Debug|Any CPU
		{2F4EB9D4-96F0-4174-AC65-457A465613D1}.Debug|x64.Build.0 = Debug|Any CPU
		{2F4EB9D4-96F0-4174-AC65-457A465613D1}.Debug|x86.ActiveCfg = Debug|Any CPU
		{2F4EB9D4-96F0-4174-AC65-457A465613D1}.Debug|x86.Build.0 = Debug|Any CPU
		{2F4EB9D4-96F0-4174-AC65-457A465613D1}.Release|Any CPU.ActiveCfg = Release|Any CPU
		{2F4EB9D4-96F0-4174-AC65-457A465613D1}.Release|Any CPU.Build.0 = Release|Any CPU
		{2F4EB9D4-96F0-4174-AC65-457A465613D1}.Release|x64.ActiveCfg = Release|Any CPU
		{2F4EB9D4-96F0-4174-AC65-457A465613D1}.Release|x64.Build.0 = Release|Any CPU
		{2F4EB9D4-96F0-4174-AC65-457A465613D1}.Release|x86.ActiveCfg = Release|Any CPU
		{2F4EB9D4-96F0-4174-AC65-457A465613D1}.Release|x86.Build.0 = Release|Any CPU
		{940FD941-1D9C-4451-B84B-A3CF521A1824}.Debug|Any CPU.ActiveCfg = Debug|Any CPU
		{940FD941-1D9C-4451-B84B-A3CF521A1824}.Debug|Any CPU.Build.0 = Debug|Any CPU
		{940FD941-1D9C-4451-B84B-A3CF521A1824}.Debug|x64.ActiveCfg = Debug|Any CPU
		{940FD941-1D9C-4451-B84B-A3CF521A1824}.Debug|x64.Build.0 = Debug|Any CPU
		{940FD941-1D9C-4451-B84B-A3CF521A1824}.Debug|x86.ActiveCfg = Debug|Any CPU
		{940FD941-1D9C-4451-B84B-A3CF521A1824}.Debug|x86.Build.0 = Debug|Any CPU
		{940FD941-1D9C-4451-B84B-A3CF521A1824}.Release|Any CPU.ActiveCfg = Release|Any CPU
		{940FD941-1D9C-4451-B84B-A3CF521A1824}.Release|Any CPU.Build.0 = Release|Any CPU
		{940FD941-1D9C-4451-B84B-A3CF521A1824}.Release|x64.ActiveCfg = Release|Any CPU
		{940FD941-1D9C-4451-B84B-A3CF521A1824}.Release|x64.Build.0 = Release|Any CPU
		{940FD941-1D9C-4451-B84B-A3CF521A1824}.Release|x86.ActiveCfg = Release|Any CPU
		{940FD941-1D9C-4451-B84B-A3CF521A1824}.Release|x86.Build.0 = Release|Any CPU
		{69394BB0-C501-466D-B2BC-05F99D1DC92F}.Debug|Any CPU.ActiveCfg = Debug|Any CPU
		{69394BB0-C501-466D-B2BC-05F99D1DC92F}.Debug|Any CPU.Build.0 = Debug|Any CPU
		{69394BB0-C501-466D-B2BC-05F99D1DC92F}.Debug|x64.ActiveCfg = Debug|Any CPU
		{69394BB0-C501-466D-B2BC-05F99D1DC92F}.Debug|x64.Build.0 = Debug|Any CPU
		{69394BB0-C501-466D-B2BC-05F99D1DC92F}.Debug|x86.ActiveCfg = Debug|Any CPU
		{69394BB0-C501-466D-B2BC-05F99D1DC92F}.Debug|x86.Build.0 = Debug|Any CPU
		{69394BB0-C501-466D-B2BC-05F99D1DC92F}.Release|Any CPU.ActiveCfg = Release|Any CPU
		{69394BB0-C501-466D-B2BC-05F99D1DC92F}.Release|Any CPU.Build.0 = Release|Any CPU
		{69394BB0-C501-466D-B2BC-05F99D1DC92F}.Release|x64.ActiveCfg = Release|Any CPU
		{69394BB0-C501-466D-B2BC-05F99D1DC92F}.Release|x64.Build.0 = Release|Any CPU
		{69394BB0-C501-466D-B2BC-05F99D1DC92F}.Release|x86.ActiveCfg = Release|Any CPU
		{69394BB0-C501-466D-B2BC-05F99D1DC92F}.Release|x86.Build.0 = Release|Any CPU
		{0EE33EEE-8DDA-4D8C-B30F-6B28A43600FA}.Debug|Any CPU.ActiveCfg = Debug|Any CPU
		{0EE33EEE-8DDA-4D8C-B30F-6B28A43600FA}.Debug|Any CPU.Build.0 = Debug|Any CPU
		{0EE33EEE-8DDA-4D8C-B30F-6B28A43600FA}.Debug|x64.ActiveCfg = Debug|Any CPU
		{0EE33EEE-8DDA-4D8C-B30F-6B28A43600FA}.Debug|x64.Build.0 = Debug|Any CPU
		{0EE33EEE-8DDA-4D8C-B30F-6B28A43600FA}.Debug|x86.ActiveCfg = Debug|Any CPU
		{0EE33EEE-8DDA-4D8C-B30F-6B28A43600FA}.Debug|x86.Build.0 = Debug|Any CPU
		{0EE33EEE-8DDA-4D8C-B30F-6B28A43600FA}.Release|Any CPU.ActiveCfg = Release|Any CPU
		{0EE33EEE-8DDA-4D8C-B30F-6B28A43600FA}.Release|Any CPU.Build.0 = Release|Any CPU
		{0EE33EEE-8DDA-4D8C-B30F-6B28A43600FA}.Release|x64.ActiveCfg = Release|Any CPU
		{0EE33EEE-8DDA-4D8C-B30F-6B28A43600FA}.Release|x64.Build.0 = Release|Any CPU
		{0EE33EEE-8DDA-4D8C-B30F-6B28A43600FA}.Release|x86.ActiveCfg = Release|Any CPU
		{0EE33EEE-8DDA-4D8C-B30F-6B28A43600FA}.Release|x86.Build.0 = Release|Any CPU
		{FA823C16-564E-4AB3-9645-9DA1BB387CE4}.Debug|Any CPU.ActiveCfg = Debug|Any CPU
		{FA823C16-564E-4AB3-9645-9DA1BB387CE4}.Debug|Any CPU.Build.0 = Debug|Any CPU
		{FA823C16-564E-4AB3-9645-9DA1BB387CE4}.Debug|x64.ActiveCfg = Debug|Any CPU
		{FA823C16-564E-4AB3-9645-9DA1BB387CE4}.Debug|x64.Build.0 = Debug|Any CPU
		{FA823C16-564E-4AB3-9645-9DA1BB387CE4}.Debug|x86.ActiveCfg = Debug|Any CPU
		{FA823C16-564E-4AB3-9645-9DA1BB387CE4}.Debug|x86.Build.0 = Debug|Any CPU
		{FA823C16-564E-4AB3-9645-9DA1BB387CE4}.Release|Any CPU.ActiveCfg = Release|Any CPU
		{FA823C16-564E-4AB3-9645-9DA1BB387CE4}.Release|Any CPU.Build.0 = Release|Any CPU
		{FA823C16-564E-4AB3-9645-9DA1BB387CE4}.Release|x64.ActiveCfg = Release|Any CPU
		{FA823C16-564E-4AB3-9645-9DA1BB387CE4}.Release|x64.Build.0 = Release|Any CPU
		{FA823C16-564E-4AB3-9645-9DA1BB387CE4}.Release|x86.ActiveCfg = Release|Any CPU
		{FA823C16-564E-4AB3-9645-9DA1BB387CE4}.Release|x86.Build.0 = Release|Any CPU
		{2D3D5062-3FA0-432B-A08C-A2D029B5B4CF}.Debug|Any CPU.ActiveCfg = Debug|Any CPU
		{2D3D5062-3FA0-432B-A08C-A2D029B5B4CF}.Debug|Any CPU.Build.0 = Debug|Any CPU
		{2D3D5062-3FA0-432B-A08C-A2D029B5B4CF}.Debug|x64.ActiveCfg = Debug|Any CPU
		{2D3D5062-3FA0-432B-A08C-A2D029B5B4CF}.Debug|x64.Build.0 = Debug|Any CPU
		{2D3D5062-3FA0-432B-A08C-A2D029B5B4CF}.Debug|x86.ActiveCfg = Debug|Any CPU
		{2D3D5062-3FA0-432B-A08C-A2D029B5B4CF}.Debug|x86.Build.0 = Debug|Any CPU
		{2D3D5062-3FA0-432B-A08C-A2D029B5B4CF}.Release|Any CPU.ActiveCfg = Release|Any CPU
		{2D3D5062-3FA0-432B-A08C-A2D029B5B4CF}.Release|Any CPU.Build.0 = Release|Any CPU
		{2D3D5062-3FA0-432B-A08C-A2D029B5B4CF}.Release|x64.ActiveCfg = Release|Any CPU
		{2D3D5062-3FA0-432B-A08C-A2D029B5B4CF}.Release|x64.Build.0 = Release|Any CPU
		{2D3D5062-3FA0-432B-A08C-A2D029B5B4CF}.Release|x86.ActiveCfg = Release|Any CPU
		{2D3D5062-3FA0-432B-A08C-A2D029B5B4CF}.Release|x86.Build.0 = Release|Any CPU
	EndGlobalSection
	GlobalSection(SolutionProperties) = preSolution
		HideSolutionNode = FALSE
	EndGlobalSection
	GlobalSection(NestedProjects) = preSolution
		{8B290487-4C16-E85E-E807-F579CBE9FC4D} = {827E0CD3-B72D-47B6-A68D-7590B98EB39B}
		{807423A9-76D4-4990-8E93-3E0305FB8827} = {8B290487-4C16-E85E-E807-F579CBE9FC4D}
		{22BAF98C-8415-17C4-B26A-D537657BC863} = {827E0CD3-B72D-47B6-A68D-7590B98EB39B}
		{D5A7470B-89BC-4F46-A21B-A81C03CCA86D} = {22BAF98C-8415-17C4-B26A-D537657BC863}
		{9048EB7F-3875-A59E-E36B-5BD4C6F2A282} = {827E0CD3-B72D-47B6-A68D-7590B98EB39B}
		{4E3A92CC-E179-4BD2-AF0F-5BCAFD37FD54} = {9048EB7F-3875-A59E-E36B-5BD4C6F2A282}
		{82BE0110-2A7E-42E5-BD85-12D7F94AF01F} = {9048EB7F-3875-A59E-E36B-5BD4C6F2A282}
		{8162CD3D-C8B1-43AC-884C-84B700E5CDEF} = {9048EB7F-3875-A59E-E36B-5BD4C6F2A282}
		{35E6820E-2E42-4330-BCBF-EB5A89E08AEC} = {9048EB7F-3875-A59E-E36B-5BD4C6F2A282}
		{6996BBF7-DB31-59BC-C7DD-9A7CCC6138C4} = {827E0CD3-B72D-47B6-A68D-7590B98EB39B}
		{486E2063-6ACE-43A1-8BDD-46BAB6FEBB95} = {6996BBF7-DB31-59BC-C7DD-9A7CCC6138C4}
		{952D43FC-9FC2-4795-A1FF-03CC6AF61E80} = {0AB3BF05-4346-4AA6-1389-037BE0695223}
		{3D38482F-A87A-436E-B15B-54BA9966486A} = {0AB3BF05-4346-4AA6-1389-037BE0695223}
		{2F4EB9D4-96F0-4174-AC65-457A465613D1} = {0AB3BF05-4346-4AA6-1389-037BE0695223}
		{940FD941-1D9C-4451-B84B-A3CF521A1824} = {0AB3BF05-4346-4AA6-1389-037BE0695223}
		{69394BB0-C501-466D-B2BC-05F99D1DC92F} = {0AB3BF05-4346-4AA6-1389-037BE0695223}
		{0EE33EEE-8DDA-4D8C-B30F-6B28A43600FA} = {0AB3BF05-4346-4AA6-1389-037BE0695223}
		{FA823C16-564E-4AB3-9645-9DA1BB387CE4} = {0AB3BF05-4346-4AA6-1389-037BE0695223}
		{2D3D5062-3FA0-432B-A08C-A2D029B5B4CF} = {0AB3BF05-4346-4AA6-1389-037BE0695223}
	EndGlobalSection
EndGlobal
